
Microsoft Visual Studio Solution File, Format Version 12.00
# Visual Studio Version 16
VisualStudioVersion = 16.0.31702.278
MinimumVisualStudioVersion = 10.0.40219.1
Project("{2150E333-8FDC-42A3-9474-1A3956D46DE8}") = "src", "src", "{FC83CC88-5E52-4FE2-BFD4-6076C4027849}"
EndProject
Project("{2150E333-8FDC-42A3-9474-1A3956D46DE8}") = "Api", "Api", "{25303808-C6C1-4CF2-9691-6EF47A9839D4}"
EndProject
Project("{2150E333-8FDC-42A3-9474-1A3956D46DE8}") = "Clients", "Clients", "{8CEE579F-88BA-4F99-9152-40B556285CE9}"
EndProject
Project("{2150E333-8FDC-42A3-9474-1A3956D46DE8}") = "Common", "Common", "{B9A6B2A4-6DD7-4A4D-9F32-18E475C75A26}"
EndProject
Project("{2150E333-8FDC-42A3-9474-1A3956D46DE8}") = "Projections", "Projections", "{93B6193A-F3A2-4004-8C33-2DA8DFADFC3B}"
EndProject
Project("{2150E333-8FDC-42A3-9474-1A3956D46DE8}") = "Core", "Core", "{995CF6C3-8107-45DC-B6B6-A387824FDF08}"
EndProject
Project("{2150E333-8FDC-42A3-9474-1A3956D46DE8}") = "Infrastructure", "Infrastructure", "{2CF1B6C0-9EBD-4217-A365-7F9CABB3D140}"
EndProject
Project("{2150E333-8FDC-42A3-9474-1A3956D46DE8}") = "WebApi", "WebApi", "{6FF626CC-4A08-48AB-A9A1-2DE8F25AFA42}"
EndProject
Project("{2150E333-8FDC-42A3-9474-1A3956D46DE8}") = "BlazorWeb", "BlazorWeb", "{54510D5A-DB48-4C7D-99EB-A8A2FB5A149C}"
EndProject
Project("{FAE04EC0-301F-11D3-BF4B-00C04F79EFBC}") = "YoloSozluk.Api.Application", "src\Api\Core\YoloSozluk.Api.Application\YoloSozluk.Api.Application.csproj", "{C60E064A-2EC7-4248-8B3C-200121C853A0}"
EndProject
Project("{FAE04EC0-301F-11D3-BF4B-00C04F79EFBC}") = "YoloSozluk.Api.Domain", "src\Api\Core\YoloSozluk.Api.Domain\YoloSozluk.Api.Domain.csproj", "{C2FFA3F0-FA28-4620-A7CB-5AF55FF31160}"
EndProject
Project("{FAE04EC0-301F-11D3-BF4B-00C04F79EFBC}") = "YoloSozluk.Common", "src\Common\YoloSozluk.Common\YoloSozluk.Common.csproj", "{6AD562B6-C723-42BE-A5E9-68F719206AF8}"
EndProject
Project("{FAE04EC0-301F-11D3-BF4B-00C04F79EFBC}") = "YoloSozluk.Infrastructure.Persistence", "src\Api\Infrastructure\YoloSozluk.Infrastructure.Persistence\YoloSozluk.Infrastructure.Persistence.csproj", "{3224043A-B330-4880-972D-DA3F7C50E6AA}"
EndProject
Project("{FAE04EC0-301F-11D3-BF4B-00C04F79EFBC}") = "YoloSozluk.Api.WebApi", "src\Api\WebApi\YoloSozluk.Api.WebApi\YoloSozluk.Api.WebApi.csproj", "{A35765E2-C74C-4DF6-A0A7-A2677D8A63F4}"
EndProject
Project("{FAE04EC0-301F-11D3-BF4B-00C04F79EFBC}") = "YoloSozluk.WebApp", "src\Clients\YoloSozluk.WebApp\YoloSozluk.WebApp.csproj", "{496C9F2D-38E1-4C6F-854D-58058161F2C0}"
EndProject
Project("{FAE04EC0-301F-11D3-BF4B-00C04F79EFBC}") = "YoloSozluk.Projections.FavouriteService", "src\Projections\YoloSozluk.Projections.FavouriteService\YoloSozluk.Projections.FavouriteService.csproj", "{41DF8E4B-1617-4C4E-867B-9F0890810A2E}"
EndProject
Project("{FAE04EC0-301F-11D3-BF4B-00C04F79EFBC}") = "YoloSozluk.Projections.UserService", "src\Projections\YoloSozluk.Projections.UserService\YoloSozluk.Projections.UserService.csproj", "{57F9EE72-3EE8-48F0-8A4E-4D67A3FEFA79}"
EndProject
Project("{FAE04EC0-301F-11D3-BF4B-00C04F79EFBC}") = "YoloSozluk.Projections.VoteService", "src\Projections\YoloSozluk.Projections.VoteService\YoloSozluk.Projections.VoteService.csproj", "{3EF46C0B-248D-451C-8757-A7E1F9E75265}"
EndProject
Global
	GlobalSection(SolutionConfigurationPlatforms) = preSolution
		Debug|Any CPU = Debug|Any CPU
		Release|Any CPU = Release|Any CPU
	EndGlobalSection
	GlobalSection(ProjectConfigurationPlatforms) = postSolution
		{C60E064A-2EC7-4248-8B3C-200121C853A0}.Debug|Any CPU.ActiveCfg = Debug|Any CPU
		{C60E064A-2EC7-4248-8B3C-200121C853A0}.Debug|Any CPU.Build.0 = Debug|Any CPU
		{C60E064A-2EC7-4248-8B3C-200121C853A0}.Release|Any CPU.ActiveCfg = Release|Any CPU
		{C60E064A-2EC7-4248-8B3C-200121C853A0}.Release|Any CPU.Build.0 = Release|Any CPU
		{C2FFA3F0-FA28-4620-A7CB-5AF55FF31160}.Debug|Any CPU.ActiveCfg = Debug|Any CPU
		{C2FFA3F0-FA28-4620-A7CB-5AF55FF31160}.Debug|Any CPU.Build.0 = Debug|Any CPU
		{C2FFA3F0-FA28-4620-A7CB-5AF55FF31160}.Release|Any CPU.ActiveCfg = Release|Any CPU
		{C2FFA3F0-FA28-4620-A7CB-5AF55FF31160}.Release|Any CPU.Build.0 = Release|Any CPU
		{6AD562B6-C723-42BE-A5E9-68F719206AF8}.Debug|Any CPU.ActiveCfg = Debug|Any CPU
		{6AD562B6-C723-42BE-A5E9-68F719206AF8}.Debug|Any CPU.Build.0 = Debug|Any CPU
		{6AD562B6-C723-42BE-A5E9-68F719206AF8}.Release|Any CPU.ActiveCfg = Release|Any CPU
		{6AD562B6-C723-42BE-A5E9-68F719206AF8}.Release|Any CPU.Build.0 = Release|Any CPU
		{3224043A-B330-4880-972D-DA3F7C50E6AA}.Debug|Any CPU.ActiveCfg = Debug|Any CPU
		{3224043A-B330-4880-972D-DA3F7C50E6AA}.Debug|Any CPU.Build.0 = Debug|Any CPU
		{3224043A-B330-4880-972D-DA3F7C50E6AA}.Release|Any CPU.ActiveCfg = Release|Any CPU
		{3224043A-B330-4880-972D-DA3F7C50E6AA}.Release|Any CPU.Build.0 = Release|Any CPU
		{A35765E2-C74C-4DF6-A0A7-A2677D8A63F4}.Debug|Any CPU.ActiveCfg = Debug|Any CPU
		{A35765E2-C74C-4DF6-A0A7-A2677D8A63F4}.Debug|Any CPU.Build.0 = Debug|Any CPU
		{A35765E2-C74C-4DF6-A0A7-A2677D8A63F4}.Release|Any CPU.ActiveCfg = Release|Any CPU
		{A35765E2-C74C-4DF6-A0A7-A2677D8A63F4}.Release|Any CPU.Build.0 = Release|Any CPU
		{496C9F2D-38E1-4C6F-854D-58058161F2C0}.Debug|Any CPU.ActiveCfg = Debug|Any CPU
		{496C9F2D-38E1-4C6F-854D-58058161F2C0}.Debug|Any CPU.Build.0 = Debug|Any CPU
		{496C9F2D-38E1-4C6F-854D-58058161F2C0}.Release|Any CPU.ActiveCfg = Release|Any CPU
		{496C9F2D-38E1-4C6F-854D-58058161F2C0}.Release|Any CPU.Build.0 = Release|Any CPU
		{41DF8E4B-1617-4C4E-867B-9F0890810A2E}.Debug|Any CPU.ActiveCfg = Debug|Any CPU
		{41DF8E4B-1617-4C4E-867B-9F0890810A2E}.Debug|Any CPU.Build.0 = Debug|Any CPU
		{41DF8E4B-1617-4C4E-867B-9F0890810A2E}.Release|Any CPU.ActiveCfg = Release|Any CPU
		{41DF8E4B-1617-4C4E-867B-9F0890810A2E}.Release|Any CPU.Build.0 = Release|Any CPU
		{57F9EE72-3EE8-48F0-8A4E-4D67A3FEFA79}.Debug|Any CPU.ActiveCfg = Debug|Any CPU
		{57F9EE72-3EE8-48F0-8A4E-4D67A3FEFA79}.Debug|Any CPU.Build.0 = Debug|Any CPU
		{57F9EE72-3EE8-48F0-8A4E-4D67A3FEFA79}.Release|Any CPU.ActiveCfg = Release|Any CPU
		{57F9EE72-3EE8-48F0-8A4E-4D67A3FEFA79}.Release|Any CPU.Build.0 = Release|Any CPU
		{3EF46C0B-248D-451C-8757-A7E1F9E75265}.Debug|Any CPU.ActiveCfg = Debug|Any CPU
		{3EF46C0B-248D-451C-8757-A7E1F9E75265}.Debug|Any CPU.Build.0 = Debug|Any CPU
		{3EF46C0B-248D-451C-8757-A7E1F9E75265}.Release|Any CPU.ActiveCfg = Release|Any CPU
		{3EF46C0B-248D-451C-8757-A7E1F9E75265}.Release|Any CPU.Build.0 = Release|Any CPU
	EndGlobalSection
	GlobalSection(SolutionProperties) = preSolution
		HideSolutionNode = FALSE
	EndGlobalSection
	GlobalSection(NestedProjects) = preSolution
		{25303808-C6C1-4CF2-9691-6EF47A9839D4} = {FC83CC88-5E52-4FE2-BFD4-6076C4027849}
		{8CEE579F-88BA-4F99-9152-40B556285CE9} = {FC83CC88-5E52-4FE2-BFD4-6076C4027849}
		{B9A6B2A4-6DD7-4A4D-9F32-18E475C75A26} = {FC83CC88-5E52-4FE2-BFD4-6076C4027849}
		{93B6193A-F3A2-4004-8C33-2DA8DFADFC3B} = {FC83CC88-5E52-4FE2-BFD4-6076C4027849}
		{995CF6C3-8107-45DC-B6B6-A387824FDF08} = {25303808-C6C1-4CF2-9691-6EF47A9839D4}
		{2CF1B6C0-9EBD-4217-A365-7F9CABB3D140} = {25303808-C6C1-4CF2-9691-6EF47A9839D4}
		{6FF626CC-4A08-48AB-A9A1-2DE8F25AFA42} = {25303808-C6C1-4CF2-9691-6EF47A9839D4}
		{54510D5A-DB48-4C7D-99EB-A8A2FB5A149C} = {8CEE579F-88BA-4F99-9152-40B556285CE9}
		{C60E064A-2EC7-4248-8B3C-200121C853A0} = {995CF6C3-8107-45DC-B6B6-A387824FDF08}
		{C2FFA3F0-FA28-4620-A7CB-5AF55FF31160} = {995CF6C3-8107-45DC-B6B6-A387824FDF08}
		{6AD562B6-C723-42BE-A5E9-68F719206AF8} = {B9A6B2A4-6DD7-4A4D-9F32-18E475C75A26}
		{3224043A-B330-4880-972D-DA3F7C50E6AA} = {2CF1B6C0-9EBD-4217-A365-7F9CABB3D140}
		{A35765E2-C74C-4DF6-A0A7-A2677D8A63F4} = {6FF626CC-4A08-48AB-A9A1-2DE8F25AFA42}
		{496C9F2D-38E1-4C6F-854D-58058161F2C0} = {54510D5A-DB48-4C7D-99EB-A8A2FB5A149C}
		{41DF8E4B-1617-4C4E-867B-9F0890810A2E} = {93B6193A-F3A2-4004-8C33-2DA8DFADFC3B}
		{57F9EE72-3EE8-48F0-8A4E-4D67A3FEFA79} = {93B6193A-F3A2-4004-8C33-2DA8DFADFC3B}
		{3EF46C0B-248D-451C-8757-A7E1F9E75265} = {93B6193A-F3A2-4004-8C33-2DA8DFADFC3B}
	EndGlobalSection
	GlobalSection(ExtensibilityGlobals) = postSolution
		SolutionGuid = {8D734174-492E-4C8E-8BAC-A41CF4F22F53}
	EndGlobalSection
EndGlobal
